// !$*UTF8*$!
{
	archiveVersion = 1;
	classes = {
	};
	objectVersion = 50;
	objects = {

/* Begin PBXBuildFile section */
		9BE96ADD20B95E3500BECB57 /* AppDelegate.swift in Sources */ = {isa = PBXBuildFile; fileRef = 9BE96ADC20B95E3500BECB57 /* AppDelegate.swift */; };
		9BE96ADF20B95E3500BECB57 /* ViewController.swift in Sources */ = {isa = PBXBuildFile; fileRef = 9BE96ADE20B95E3500BECB57 /* ViewController.swift */; };
		9BE96AE220B95E3500BECB57 /* Main.storyboard in Resources */ = {isa = PBXBuildFile; fileRef = 9BE96AE020B95E3500BECB57 /* Main.storyboard */; };
		9BE96AE420B95E3600BECB57 /* Assets.xcassets in Resources */ = {isa = PBXBuildFile; fileRef = 9BE96AE320B95E3600BECB57 /* Assets.xcassets */; };
		9BE96AE720B95E3600BECB57 /* LaunchScreen.storyboard in Resources */ = {isa = PBXBuildFile; fileRef = 9BE96AE520B95E3600BECB57 /* LaunchScreen.storyboard */; };
		9BE96AEF20B9610600BECB57 /* APIKeys.swift in Sources */ = {isa = PBXBuildFile; fileRef = 9BE96AEE20B9610600BECB57 /* APIKeys.swift */; };
		9BE96AF120B9615700BECB57 /* GooglePlacesAPI.swift in Sources */ = {isa = PBXBuildFile; fileRef = 9BE96AF020B9615700BECB57 /* GooglePlacesAPI.swift */; };
		9BE96AF320B964F600BECB57 /* GooglePlace.swift in Sources */ = {isa = PBXBuildFile; fileRef = 9BE96AF220B964F600BECB57 /* GooglePlace.swift */; };
		9BE96AF520B9677E00BECB57 /* GooglePlacesStatus.swift in Sources */ = {isa = PBXBuildFile; fileRef = 9BE96AF420B9677E00BECB57 /* GooglePlacesStatus.swift */; };
		9BE96AF720B9683A00BECB57 /* Data+Decoding.swift in Sources */ = {isa = PBXBuildFile; fileRef = 9BE96AF620B9683A00BECB57 /* Data+Decoding.swift */; };
		9BE96AF920B9690500BECB57 /* Internets.swift in Sources */ = {isa = PBXBuildFile; fileRef = 9BE96AF820B9690500BECB57 /* Internets.swift */; };
		9BE96AFB20B96FC800BECB57 /* String+TextField.swift in Sources */ = {isa = PBXBuildFile; fileRef = 9BE96AFA20B96FC800BECB57 /* String+TextField.swift */; };
		9BE96AFF20B972E000BECB57 /* AutocompleteDataSource.swift in Sources */ = {isa = PBXBuildFile; fileRef = 9BE96AFE20B972E000BECB57 /* AutocompleteDataSource.swift */; };
		9BE96B0120B9892A00BECB57 /* GoogleMapInfo.swift in Sources */ = {isa = PBXBuildFile; fileRef = 9BE96B0020B9892A00BECB57 /* GoogleMapInfo.swift */; };
		9BE96B0320B99A0A00BECB57 /* DirectionsViewController.swift in Sources */ = {isa = PBXBuildFile; fileRef = 9BE96B0220B99A0A00BECB57 /* DirectionsViewController.swift */; };
		9BE96B0520B99BB200BECB57 /* RobotSpeaker.swift in Sources */ = {isa = PBXBuildFile; fileRef = 9BE96B0420B99BB200BECB57 /* RobotSpeaker.swift */; };
		9BE96B0A20B9A2C300BECB57 /* InfoPlist.strings in Resources */ = {isa = PBXBuildFile; fileRef = 9BE96B0820B9A2C300BECB57 /* InfoPlist.strings */; };
		9BE96B0C20B9A4ED00BECB57 /* CoreLocation+Convenience.swift in Sources */ = {isa = PBXBuildFile; fileRef = 9BE96B0B20B9A4ED00BECB57 /* CoreLocation+Convenience.swift */; };
/* End PBXBuildFile section */

/* Begin PBXFileReference section */
		9BE96AD920B95E3500BECB57 /* WrongWay.app */ = {isa = PBXFileReference; explicitFileType = wrapper.application; includeInIndex = 0; path = WrongWay.app; sourceTree = BUILT_PRODUCTS_DIR; };
		9BE96ADC20B95E3500BECB57 /* AppDelegate.swift */ = {isa = PBXFileReference; lastKnownFileType = sourcecode.swift; path = AppDelegate.swift; sourceTree = "<group>"; };
		9BE96ADE20B95E3500BECB57 /* ViewController.swift */ = {isa = PBXFileReference; lastKnownFileType = sourcecode.swift; path = ViewController.swift; sourceTree = "<group>"; };
		9BE96AE120B95E3500BECB57 /* Base */ = {isa = PBXFileReference; lastKnownFileType = file.storyboard; name = Base; path = Base.lproj/Main.storyboard; sourceTree = "<group>"; };
		9BE96AE320B95E3600BECB57 /* Assets.xcassets */ = {isa = PBXFileReference; lastKnownFileType = folder.assetcatalog; path = Assets.xcassets; sourceTree = "<group>"; };
		9BE96AE620B95E3600BECB57 /* Base */ = {isa = PBXFileReference; lastKnownFileType = file.storyboard; name = Base; path = Base.lproj/LaunchScreen.storyboard; sourceTree = "<group>"; };
		9BE96AE820B95E3600BECB57 /* Info.plist */ = {isa = PBXFileReference; lastKnownFileType = text.plist.xml; path = Info.plist; sourceTree = "<group>"; };
		9BE96AEE20B9610600BECB57 /* APIKeys.swift */ = {isa = PBXFileReference; lastKnownFileType = sourcecode.swift; path = APIKeys.swift; sourceTree = "<group>"; };
		9BE96AF020B9615700BECB57 /* GooglePlacesAPI.swift */ = {isa = PBXFileReference; lastKnownFileType = sourcecode.swift; path = GooglePlacesAPI.swift; sourceTree = "<group>"; };
		9BE96AF220B964F600BECB57 /* GooglePlace.swift */ = {isa = PBXFileReference; lastKnownFileType = sourcecode.swift; path = GooglePlace.swift; sourceTree = "<group>"; };
		9BE96AF420B9677E00BECB57 /* GooglePlacesStatus.swift */ = {isa = PBXFileReference; lastKnownFileType = sourcecode.swift; path = GooglePlacesStatus.swift; sourceTree = "<group>"; };
		9BE96AF620B9683A00BECB57 /* Data+Decoding.swift */ = {isa = PBXFileReference; lastKnownFileType = sourcecode.swift; path = "Data+Decoding.swift"; sourceTree = "<group>"; };
		9BE96AF820B9690500BECB57 /* Internets.swift */ = {isa = PBXFileReference; lastKnownFileType = sourcecode.swift; path = Internets.swift; sourceTree = "<group>"; };
		9BE96AFA20B96FC800BECB57 /* String+TextField.swift */ = {isa = PBXFileReference; lastKnownFileType = sourcecode.swift; path = "String+TextField.swift"; sourceTree = "<group>"; };
		9BE96AFE20B972E000BECB57 /* AutocompleteDataSource.swift */ = {isa = PBXFileReference; lastKnownFileType = sourcecode.swift; path = AutocompleteDataSource.swift; sourceTree = "<group>"; };
		9BE96B0020B9892A00BECB57 /* GoogleMapInfo.swift */ = {isa = PBXFileReference; lastKnownFileType = sourcecode.swift; path = GoogleMapInfo.swift; sourceTree = "<group>"; };
		9BE96B0220B99A0A00BECB57 /* DirectionsViewController.swift */ = {isa = PBXFileReference; lastKnownFileType = sourcecode.swift; path = DirectionsViewController.swift; sourceTree = "<group>"; };
		9BE96B0420B99BB200BECB57 /* RobotSpeaker.swift */ = {isa = PBXFileReference; lastKnownFileType = sourcecode.swift; path = RobotSpeaker.swift; sourceTree = "<group>"; };
		9BE96B0920B9A2C300BECB57 /* Base */ = {isa = PBXFileReference; lastKnownFileType = text.plist.strings; name = Base; path = Base.lproj/InfoPlist.strings; sourceTree = "<group>"; };
		9BE96B0B20B9A4ED00BECB57 /* CoreLocation+Convenience.swift */ = {isa = PBXFileReference; lastKnownFileType = sourcecode.swift; path = "CoreLocation+Convenience.swift"; sourceTree = "<group>"; };
/* End PBXFileReference section */

/* Begin PBXFrameworksBuildPhase section */
		9BE96AD620B95E3500BECB57 /* Frameworks */ = {
			isa = PBXFrameworksBuildPhase;
			buildActionMask = 2147483647;
			files = (
			);
			runOnlyForDeploymentPostprocessing = 0;
		};
/* End PBXFrameworksBuildPhase section */

/* Begin PBXGroup section */
		9BE96AD020B95E3500BECB57 = {
			isa = PBXGroup;
			children = (
				9BE96ADB20B95E3500BECB57 /* WrongWay */,
				9BE96ADA20B95E3500BECB57 /* Products */,
			);
			sourceTree = "<group>";
		};
		9BE96ADA20B95E3500BECB57 /* Products */ = {
			isa = PBXGroup;
			children = (
				9BE96AD920B95E3500BECB57 /* WrongWay.app */,
			);
			name = Products;
			sourceTree = "<group>";
		};
		9BE96ADB20B95E3500BECB57 /* WrongWay */ = {
			isa = PBXGroup;
			children = (
				9BE96ADC20B95E3500BECB57 /* AppDelegate.swift */,
				9BE96ADE20B95E3500BECB57 /* ViewController.swift */,
				9BE96B0220B99A0A00BECB57 /* DirectionsViewController.swift */,
				9BE96AEE20B9610600BECB57 /* APIKeys.swift */,
				9BE96AE020B95E3500BECB57 /* Main.storyboard */,
				9BE96AE320B95E3600BECB57 /* Assets.xcassets */,
				9BE96AE520B95E3600BECB57 /* LaunchScreen.storyboard */,
				9BE96AE820B95E3600BECB57 /* Info.plist */,
				9BE96B0820B9A2C300BECB57 /* InfoPlist.strings */,
				9BE96AF820B9690500BECB57 /* Internets.swift */,
				9BE96AF020B9615700BECB57 /* GooglePlacesAPI.swift */,
				9BE96AF220B964F600BECB57 /* GooglePlace.swift */,
				9BE96B0020B9892A00BECB57 /* GoogleMapInfo.swift */,
				9BE96AF420B9677E00BECB57 /* GooglePlacesStatus.swift */,
				9BE96AF620B9683A00BECB57 /* Data+Decoding.swift */,
				9BE96AFA20B96FC800BECB57 /* String+TextField.swift */,
				9BE96AFE20B972E000BECB57 /* AutocompleteDataSource.swift */,
				9BE96B0420B99BB200BECB57 /* RobotSpeaker.swift */,
				9BE96B0B20B9A4ED00BECB57 /* CoreLocation+Convenience.swift */,
			);
			path = WrongWay;
			sourceTree = "<group>";
		};
/* End PBXGroup section */

/* Begin PBXNativeTarget section */
		9BE96AD820B95E3500BECB57 /* WrongWay */ = {
			isa = PBXNativeTarget;
			buildConfigurationList = 9BE96AEB20B95E3600BECB57 /* Build configuration list for PBXNativeTarget "WrongWay" */;
			buildPhases = (
				9BE96AD520B95E3500BECB57 /* Sources */,
				9BE96AD620B95E3500BECB57 /* Frameworks */,
				9BE96AD720B95E3500BECB57 /* Resources */,
			);
			buildRules = (
			);
			dependencies = (
			);
			name = WrongWay;
			productName = WrongWay;
			productReference = 9BE96AD920B95E3500BECB57 /* WrongWay.app */;
			productType = "com.apple.product-type.application";
		};
/* End PBXNativeTarget section */

/* Begin PBXProject section */
		9BE96AD120B95E3500BECB57 /* Project object */ = {
			isa = PBXProject;
			attributes = {
				LastSwiftUpdateCheck = 0930;
				LastUpgradeCheck = 0930;
				ORGANIZATIONNAME = "Designated Nerd Software";
				TargetAttributes = {
					9BE96AD820B95E3500BECB57 = {
						CreatedOnToolsVersion = 9.3.1;
					};
				};
			};
			buildConfigurationList = 9BE96AD420B95E3500BECB57 /* Build configuration list for PBXProject "WrongWay" */;
			compatibilityVersion = "Xcode 9.3";
			developmentRegion = en;
			hasScannedForEncodings = 0;
			knownRegions = (
				en,
				Base,
			);
			mainGroup = 9BE96AD020B95E3500BECB57;
			productRefGroup = 9BE96ADA20B95E3500BECB57 /* Products */;
			projectDirPath = "";
			projectRoot = "";
			targets = (
				9BE96AD820B95E3500BECB57 /* WrongWay */,
			);
		};
/* End PBXProject section */

/* Begin PBXResourcesBuildPhase section */
		9BE96AD720B95E3500BECB57 /* Resources */ = {
			isa = PBXResourcesBuildPhase;
			buildActionMask = 2147483647;
			files = (
				9BE96AE720B95E3600BECB57 /* LaunchScreen.storyboard in Resources */,
				9BE96B0A20B9A2C300BECB57 /* InfoPlist.strings in Resources */,
				9BE96AE420B95E3600BECB57 /* Assets.xcassets in Resources */,
				9BE96AE220B95E3500BECB57 /* Main.storyboard in Resources */,
			);
			runOnlyForDeploymentPostprocessing = 0;
		};
/* End PBXResourcesBuildPhase section */

/* Begin PBXSourcesBuildPhase section */
		9BE96AD520B95E3500BECB57 /* Sources */ = {
			isa = PBXSourcesBuildPhase;
			buildActionMask = 2147483647;
			files = (
				9BE96AF520B9677E00BECB57 /* GooglePlacesStatus.swift in Sources */,
				9BE96AF320B964F600BECB57 /* GooglePlace.swift in Sources */,
				9BE96AFF20B972E000BECB57 /* AutocompleteDataSource.swift in Sources */,
				9BE96AEF20B9610600BECB57 /* APIKeys.swift in Sources */,
				9BE96B0320B99A0A00BECB57 /* DirectionsViewController.swift in Sources */,
				9BE96B0C20B9A4ED00BECB57 /* CoreLocation+Convenience.swift in Sources */,
				9BE96ADF20B95E3500BECB57 /* ViewController.swift in Sources */,
				9BE96AF720B9683A00BECB57 /* Data+Decoding.swift in Sources */,
				9BE96B0520B99BB200BECB57 /* RobotSpeaker.swift in Sources */,
				9BE96AFB20B96FC800BECB57 /* String+TextField.swift in Sources */,
				9BE96AF120B9615700BECB57 /* GooglePlacesAPI.swift in Sources */,
				9BE96AF920B9690500BECB57 /* Internets.swift in Sources */,
				9BE96B0120B9892A00BECB57 /* GoogleMapInfo.swift in Sources */,
				9BE96ADD20B95E3500BECB57 /* AppDelegate.swift in Sources */,
			);
			runOnlyForDeploymentPostprocessing = 0;
		};
/* End PBXSourcesBuildPhase section */

/* Begin PBXVariantGroup section */
		9BE96AE020B95E3500BECB57 /* Main.storyboard */ = {
			isa = PBXVariantGroup;
			children = (
				9BE96AE120B95E3500BECB57 /* Base */,
			);
			name = Main.storyboard;
			sourceTree = "<group>";
		};
		9BE96AE520B95E3600BECB57 /* LaunchScreen.storyboard */ = {
			isa = PBXVariantGroup;
			children = (
				9BE96AE620B95E3600BECB57 /* Base */,
			);
			name = LaunchScreen.storyboard;
			sourceTree = "<group>";
		};
		9BE96B0820B9A2C300BECB57 /* InfoPlist.strings */ = {
			isa = PBXVariantGroup;
			children = (
				9BE96B0920B9A2C300BECB57 /* Base */,
			);
			name = InfoPlist.strings;
			sourceTree = "<group>";
		};
/* End PBXVariantGroup section */

/* Begin XCBuildConfiguration section */
		9BE96AE920B95E3600BECB57 /* Debug */ = {
			isa = XCBuildConfiguration;
			buildSettings = {
				ALWAYS_SEARCH_USER_PATHS = NO;
				CLANG_ANALYZER_NONNULL = YES;
				CLANG_ANALYZER_NUMBER_OBJECT_CONVERSION = YES_AGGRESSIVE;
				CLANG_CXX_LANGUAGE_STANDARD = "gnu++14";
				CLANG_CXX_LIBRARY = "libc++";
				CLANG_ENABLE_MODULES = YES;
				CLANG_ENABLE_OBJC_ARC = YES;
				CLANG_ENABLE_OBJC_WEAK = YES;
				CLANG_WARN_BLOCK_CAPTURE_AUTORELEASING = YES;
				CLANG_WARN_BOOL_CONVERSION = YES;
				CLANG_WARN_COMMA = YES;
				CLANG_WARN_CONSTANT_CONVERSION = YES;
				CLANG_WARN_DEPRECATED_OBJC_IMPLEMENTATIONS = YES;
				CLANG_WARN_DIRECT_OBJC_ISA_USAGE = YES_ERROR;
				CLANG_WARN_DOCUMENTATION_COMMENTS = YES;
				CLANG_WARN_EMPTY_BODY = YES;
				CLANG_WARN_ENUM_CONVERSION = YES;
				CLANG_WARN_INFINITE_RECURSION = YES;
				CLANG_WARN_INT_CONVERSION = YES;
				CLANG_WARN_NON_LITERAL_NULL_CONVERSION = YES;
				CLANG_WARN_OBJC_IMPLICIT_RETAIN_SELF = YES;
				CLANG_WARN_OBJC_LITERAL_CONVERSION = YES;
				CLANG_WARN_OBJC_ROOT_CLASS = YES_ERROR;
				CLANG_WARN_RANGE_LOOP_ANALYSIS = YES;
				CLANG_WARN_STRICT_PROTOTYPES = YES;
				CLANG_WARN_SUSPICIOUS_MOVE = YES;
				CLANG_WARN_UNGUARDED_AVAILABILITY = YES_AGGRESSIVE;
				CLANG_WARN_UNREACHABLE_CODE = YES;
				CLANG_WARN__DUPLICATE_METHOD_MATCH = YES;
				CODE_SIGN_IDENTITY = "iPhone Developer";
				COPY_PHASE_STRIP = NO;
				DEBUG_INFORMATION_FORMAT = dwarf;
				ENABLE_STRICT_OBJC_MSGSEND = YES;
				ENABLE_TESTABILITY = YES;
				GCC_C_LANGUAGE_STANDARD = gnu11;
				GCC_DYNAMIC_NO_PIC = NO;
				GCC_NO_COMMON_BLOCKS = YES;
				GCC_OPTIMIZATION_LEVEL = 0;
				GCC_PREPROCESSOR_DEFINITIONS = (
					"DEBUG=1",
					"$(inherited)",
				);
				GCC_WARN_64_TO_32_BIT_CONVERSION = YES;
				GCC_WARN_ABOUT_RETURN_TYPE = YES_ERROR;
				GCC_WARN_UNDECLARED_SELECTOR = YES;
				GCC_WARN_UNINITIALIZED_AUTOS = YES_AGGRESSIVE;
				GCC_WARN_UNUSED_FUNCTION = YES;
				GCC_WARN_UNUSED_VARIABLE = YES;
				IPHONEOS_DEPLOYMENT_TARGET = 11.3;
				MTL_ENABLE_DEBUG_INFO = YES;
				ONLY_ACTIVE_ARCH = YES;
				SDKROOT = iphoneos;
				SWIFT_ACTIVE_COMPILATION_CONDITIONS = DEBUG;
				SWIFT_OPTIMIZATION_LEVEL = "-Onone";
			};
			name = Debug;
		};
		9BE96AEA20B95E3600BECB57 /* Release */ = {
			isa = XCBuildConfiguration;
			buildSettings = {
				ALWAYS_SEARCH_USER_PATHS = NO;
				CLANG_ANALYZER_NONNULL = YES;
				CLANG_ANALYZER_NUMBER_OBJECT_CONVERSION = YES_AGGRESSIVE;
				CLANG_CXX_LANGUAGE_STANDARD = "gnu++14";
				CLANG_CXX_LIBRARY = "libc++";
				CLANG_ENABLE_MODULES = YES;
				CLANG_ENABLE_OBJC_ARC = YES;
				CLANG_ENABLE_OBJC_WEAK = YES;
				CLANG_WARN_BLOCK_CAPTURE_AUTORELEASING = YES;
				CLANG_WARN_BOOL_CONVERSION = YES;
				CLANG_WARN_COMMA = YES;
				CLANG_WARN_CONSTANT_CONVERSION = YES;
				CLANG_WARN_DEPRECATED_OBJC_IMPLEMENTATIONS = YES;
				CLANG_WARN_DIRECT_OBJC_ISA_USAGE = YES_ERROR;
				CLANG_WARN_DOCUMENTATION_COMMENTS = YES;
				CLANG_WARN_EMPTY_BODY = YES;
				CLANG_WARN_ENUM_CONVERSION = YES;
				CLANG_WARN_INFINITE_RECURSION = YES;
				CLANG_WARN_INT_CONVERSION = YES;
				CLANG_WARN_NON_LITERAL_NULL_CONVERSION = YES;
				CLANG_WARN_OBJC_IMPLICIT_RETAIN_SELF = YES;
				CLANG_WARN_OBJC_LITERAL_CONVERSION = YES;
				CLANG_WARN_OBJC_ROOT_CLASS = YES_ERROR;
				CLANG_WARN_RANGE_LOOP_ANALYSIS = YES;
				CLANG_WARN_STRICT_PROTOTYPES = YES;
				CLANG_WARN_SUSPICIOUS_MOVE = YES;
				CLANG_WARN_UNGUARDED_AVAILABILITY = YES_AGGRESSIVE;
				CLANG_WARN_UNREACHABLE_CODE = YES;
				CLANG_WARN__DUPLICATE_METHOD_MATCH = YES;
				CODE_SIGN_IDENTITY = "iPhone Developer";
				COPY_PHASE_STRIP = NO;
				DEBUG_INFORMATION_FORMAT = "dwarf-with-dsym";
				ENABLE_NS_ASSERTIONS = NO;
				ENABLE_STRICT_OBJC_MSGSEND = YES;
				GCC_C_LANGUAGE_STANDARD = gnu11;
				GCC_NO_COMMON_BLOCKS = YES;
				GCC_WARN_64_TO_32_BIT_CONVERSION = YES;
				GCC_WARN_ABOUT_RETURN_TYPE = YES_ERROR;
				GCC_WARN_UNDECLARED_SELECTOR = YES;
				GCC_WARN_UNINITIALIZED_AUTOS = YES_AGGRESSIVE;
				GCC_WARN_UNUSED_FUNCTION = YES;
				GCC_WARN_UNUSED_VARIABLE = YES;
				IPHONEOS_DEPLOYMENT_TARGET = 11.3;
				MTL_ENABLE_DEBUG_INFO = NO;
				SDKROOT = iphoneos;
				SWIFT_COMPILATION_MODE = wholemodule;
				SWIFT_OPTIMIZATION_LEVEL = "-O";
				VALIDATE_PRODUCT = YES;
			};
			name = Release;
		};
		9BE96AEC20B95E3600BECB57 /* Debug */ = {
			isa = XCBuildConfiguration;
			buildSettings = {
				ASSETCATALOG_COMPILER_APPICON_NAME = AppIcon;
				CODE_SIGN_STYLE = Automatic;
				DEVELOPMENT_TEAM = 4U392EMNT3;
				INFOPLIST_FILE = WrongWay/Info.plist;
				LD_RUNPATH_SEARCH_PATHS = (
					"$(inherited)",
					"@executable_path/Frameworks",
				);
				PRODUCT_BUNDLE_IDENTIFIER = com.designatednerd.WrongWay;
				PRODUCT_NAME = "$(TARGET_NAME)";
				SWIFT_VERSION = 4.0;
				TARGETED_DEVICE_FAMILY = "1,2";
			};
			name = Debug;
		};
		9BE96AED20B95E3600BECB57 /* Release */ = {
			isa = XCBuildConfiguration;
			buildSettings = {
				ASSETCATALOG_COMPILER_APPICON_NAME = AppIcon;
				CODE_SIGN_STYLE = Automatic;
				DEVELOPMENT_TEAM = 4U392EMNT3;
				INFOPLIST_FILE = WrongWay/Info.plist;
				LD_RUNPATH_SEARCH_PATHS = (
					"$(inherited)",
					"@executable_path/Frameworks",
				);
				PRODUCT_BUNDLE_IDENTIFIER = com.designatednerd.WrongWay;
				PRODUCT_NAME = "$(TARGET_NAME)";
				SWIFT_VERSION = 4.0;
				TARGETED_DEVICE_FAMILY = "1,2";
			};
			name = Release;
		};
/* End XCBuildConfiguration section */

/* Begin XCConfigurationList section */
		9BE96AD420B95E3500BECB57 /* Build configuration list for PBXProject "WrongWay" */ = {
			isa = XCConfigurationList;
			buildConfigurations = (
				9BE96AE920B95E3600BECB57 /* Debug */,
				9BE96AEA20B95E3600BECB57 /* Release */,
			);
			defaultConfigurationIsVisible = 0;
			defaultConfigurationName = Release;
		};
		9BE96AEB20B95E3600BECB57 /* Build configuration list for PBXNativeTarget "WrongWay" */ = {
			isa = XCConfigurationList;
			buildConfigurations = (
				9BE96AEC20B95E3600BECB57 /* Debug */,
				9BE96AED20B95E3600BECB57 /* Release */,
			);
			defaultConfigurationIsVisible = 0;
			defaultConfigurationName = Release;
		};
/* End XCConfigurationList section */
	};
	rootObject = 9BE96AD120B95E3500BECB57 /* Project object */;
}
